
Microsoft Visual Studio Solution File, Format Version 12.00
# Visual Studio Version 17
VisualStudioVersion = 17.14.36518.9 d17.14
MinimumVisualStudioVersion = 10.0.40219.1
Project("{FAE04EC0-301F-11D3-BF4B-00C04F79EFBC}") = "ConsoleApp21", "ConsoleApp21\ConsoleApp21.csproj", "{78877FA8-A190-45D7-BF8A-308EBA404E39}"
EndProject
Global
	GlobalSection(SolutionConfigurationPlatforms) = preSolution
		Debug|Any CPU = Debug|Any CPU
		Release|Any CPU = Release|Any CPU
	EndGlobalSection
	GlobalSection(ProjectConfigurationPlatforms) = postSolution
		{78877FA8-A190-45D7-BF8A-308EBA404E39}.Debug|Any CPU.ActiveCfg = Debug|Any CPU
		{78877FA8-A190-45D7-BF8A-308EBA404E39}.Debug|Any CPU.Build.0 = Debug|Any CPU
		{78877FA8-A190-45D7-BF8A-308EBA404E39}.Release|Any CPU.ActiveCfg = Release|Any CPU
		{78877FA8-A190-45D7-BF8A-308EBA404E39}.Release|Any CPU.Build.0 = Release|Any CPU
	EndGlobalSection
	GlobalSection(SolutionProperties) = preSolution
		HideSolutionNode = FALSE
	EndGlobalSection
	GlobalSection(ExtensibilityGlobals) = postSolution
		SolutionGuid = {A72E5165-223A-4BAC-953D-5472B7198075}
	EndGlobalSection
EndGlobal
